
Microsoft Visual Studio Solution File, Format Version 10.00
# Visual C# Express 2008
Project("{FAE04EC0-301F-11D3-BF4B-00C04F79EFBC}") = "FishingGirl", "FishingGirl\FishingGirl.csproj", "{7792C019-81BA-479A-8613-F3AA1186E68A}"
EndProject
Project("{FAE04EC0-301F-11D3-BF4B-00C04F79EFBC}") = "Library", "..\XNALibrary\Library\Library.csproj", "{01EB0EB8-C801-408B-8D0B-08D316E34518}"
EndProject
Project("{FAE04EC0-301F-11D3-BF4B-00C04F79EFBC}") = "LibraryPipeline", "..\XNALibrary\LibraryPipeline\LibraryPipeline.csproj", "{FE8BE3F6-FE89-4023-ADBC-5CA0084509A2}"
EndProject
Project("{FAE04EC0-301F-11D3-BF4B-00C04F79EFBC}") = "LibraryX", "..\XNALibrary\Library\LibraryX.csproj", "{24F97857-0F18-4F22-9329-F39B620294FD}"
EndProject
Project("{FAE04EC0-301F-11D3-BF4B-00C04F79EFBC}") = "FishingGirlX", "FishingGirl\FishingGirlX.csproj", "{5C11C8B5-6DB3-446E-81CE-DAC8E3EBBBBE}"
EndProject
Global
	GlobalSection(SolutionConfigurationPlatforms) = preSolution
		Debug|Mixed Platforms = Debug|Mixed Platforms
		Debug|x86 = Debug|x86
		Debug|Xbox 360 = Debug|Xbox 360
		Debug|Zune = Debug|Zune
		Release|Mixed Platforms = Release|Mixed Platforms
		Release|x86 = Release|x86
		Release|Xbox 360 = Release|Xbox 360
		Release|Zune = Release|Zune
	EndGlobalSection
	GlobalSection(ProjectConfigurationPlatforms) = postSolution
		{7792C019-81BA-479A-8613-F3AA1186E68A}.Debug|Mixed Platforms.ActiveCfg = Debug|x86
		{7792C019-81BA-479A-8613-F3AA1186E68A}.Debug|Mixed Platforms.Build.0 = Debug|x86
		{7792C019-81BA-479A-8613-F3AA1186E68A}.Debug|x86.ActiveCfg = Debug|x86
		{7792C019-81BA-479A-8613-F3AA1186E68A}.Debug|x86.Build.0 = Debug|x86
		{7792C019-81BA-479A-8613-F3AA1186E68A}.Debug|Xbox 360.ActiveCfg = Debug|x86
		{7792C019-81BA-479A-8613-F3AA1186E68A}.Debug|Zune.ActiveCfg = Debug|x86
		{7792C019-81BA-479A-8613-F3AA1186E68A}.Release|Mixed Platforms.ActiveCfg = Release|x86
		{7792C019-81BA-479A-8613-F3AA1186E68A}.Release|Mixed Platforms.Build.0 = Release|x86
		{7792C019-81BA-479A-8613-F3AA1186E68A}.Release|x86.ActiveCfg = Release|x86
		{7792C019-81BA-479A-8613-F3AA1186E68A}.Release|x86.Build.0 = Release|x86
		{7792C019-81BA-479A-8613-F3AA1186E68A}.Release|Xbox 360.ActiveCfg = Release|x86
		{7792C019-81BA-479A-8613-F3AA1186E68A}.Release|Zune.ActiveCfg = Release|x86
		{01EB0EB8-C801-408B-8D0B-08D316E34518}.Debug|Mixed Platforms.ActiveCfg = Debug|x86
		{01EB0EB8-C801-408B-8D0B-08D316E34518}.Debug|Mixed Platforms.Build.0 = Debug|x86
		{01EB0EB8-C801-408B-8D0B-08D316E34518}.Debug|x86.ActiveCfg = Debug|x86
		{01EB0EB8-C801-408B-8D0B-08D316E34518}.Debug|x86.Build.0 = Debug|x86
		{01EB0EB8-C801-408B-8D0B-08D316E34518}.Debug|Xbox 360.ActiveCfg = Debug|x86
		{01EB0EB8-C801-408B-8D0B-08D316E34518}.Debug|Zune.ActiveCfg = Debug|x86
		{01EB0EB8-C801-408B-8D0B-08D316E34518}.Release|Mixed Platforms.ActiveCfg = Release|x86
		{01EB0EB8-C801-408B-8D0B-08D316E34518}.Release|Mixed Platforms.Build.0 = Release|x86
		{01EB0EB8-C801-408B-8D0B-08D316E34518}.Release|x86.ActiveCfg = Release|x86
		{01EB0EB8-C801-408B-8D0B-08D316E34518}.Release|x86.Build.0 = Release|x86
		{01EB0EB8-C801-408B-8D0B-08D316E34518}.Release|Xbox 360.ActiveCfg = Release|x86
		{01EB0EB8-C801-408B-8D0B-08D316E34518}.Release|Zune.ActiveCfg = Release|x86
		{FE8BE3F6-FE89-4023-ADBC-5CA0084509A2}.Debug|Mixed Platforms.ActiveCfg = Debug|Zune
		{FE8BE3F6-FE89-4023-ADBC-5CA0084509A2}.Debug|Mixed Platforms.Build.0 = Debug|Zune
		{FE8BE3F6-FE89-4023-ADBC-5CA0084509A2}.Debug|x86.ActiveCfg = Debug|x86
		{FE8BE3F6-FE89-4023-ADBC-5CA0084509A2}.Debug|x86.Build.0 = Debug|x86
		{FE8BE3F6-FE89-4023-ADBC-5CA0084509A2}.Debug|Xbox 360.ActiveCfg = Debug|Xbox 360
		{FE8BE3F6-FE89-4023-ADBC-5CA0084509A2}.Debug|Xbox 360.Build.0 = Debug|Xbox 360
		{FE8BE3F6-FE89-4023-ADBC-5CA0084509A2}.Debug|Zune.ActiveCfg = Debug|Zune
		{FE8BE3F6-FE89-4023-ADBC-5CA0084509A2}.Debug|Zune.Build.0 = Debug|Zune
		{FE8BE3F6-FE89-4023-ADBC-5CA0084509A2}.Release|Mixed Platforms.ActiveCfg = Release|Zune
		{FE8BE3F6-FE89-4023-ADBC-5CA0084509A2}.Release|Mixed Platforms.Build.0 = Release|Zune
		{FE8BE3F6-FE89-4023-ADBC-5CA0084509A2}.Release|x86.ActiveCfg = Release|x86
		{FE8BE3F6-FE89-4023-ADBC-5CA0084509A2}.Release|x86.Build.0 = Release|x86
		{FE8BE3F6-FE89-4023-ADBC-5CA0084509A2}.Release|Xbox 360.ActiveCfg = Release|Xbox 360
		{FE8BE3F6-FE89-4023-ADBC-5CA0084509A2}.Release|Xbox 360.Build.0 = Release|Xbox 360
		{FE8BE3F6-FE89-4023-ADBC-5CA0084509A2}.Release|Zune.ActiveCfg = Release|Zune
		{FE8BE3F6-FE89-4023-ADBC-5CA0084509A2}.Release|Zune.Build.0 = Release|Zune
		{24F97857-0F18-4F22-9329-F39B620294FD}.Debug|Mixed Platforms.ActiveCfg = Debug|Xbox 360
		{24F97857-0F18-4F22-9329-F39B620294FD}.Debug|Mixed Platforms.Build.0 = Debug|Xbox 360
		{24F97857-0F18-4F22-9329-F39B620294FD}.Debug|x86.ActiveCfg = Debug|Xbox 360
		{24F97857-0F18-4F22-9329-F39B620294FD}.Debug|Xbox 360.ActiveCfg = Debug|Xbox 360
		{24F97857-0F18-4F22-9329-F39B620294FD}.Debug|Xbox 360.Build.0 = Debug|Xbox 360
		{24F97857-0F18-4F22-9329-F39B620294FD}.Debug|Zune.ActiveCfg = Debug|Xbox 360
		{24F97857-0F18-4F22-9329-F39B620294FD}.Release|Mixed Platforms.ActiveCfg = Release|Xbox 360
		{24F97857-0F18-4F22-9329-F39B620294FD}.Release|Mixed Platforms.Build.0 = Release|Xbox 360
		{24F97857-0F18-4F22-9329-F39B620294FD}.Release|x86.ActiveCfg = Release|Xbox 360
		{24F97857-0F18-4F22-9329-F39B620294FD}.Release|Xbox 360.ActiveCfg = Release|Xbox 360
		{24F97857-0F18-4F22-9329-F39B620294FD}.Release|Xbox 360.Build.0 = Release|Xbox 360
		{24F97857-0F18-4F22-9329-F39B620294FD}.Release|Zune.ActiveCfg = Release|Xbox 360
		{8AAA0670-3201-4BBF-B79D-4AC0CCF0C8AB}.Debug|Mixed Platforms.ActiveCfg = Debug|x86
		{8AAA0670-3201-4BBF-B79D-4AC0CCF0C8AB}.Debug|x86.ActiveCfg = Debug|x86
		{8AAA0670-3201-4BBF-B79D-4AC0CCF0C8AB}.Debug|Xbox 360.ActiveCfg = Debug|x86
		{8AAA0670-3201-4BBF-B79D-4AC0CCF0C8AB}.Debug|Zune.ActiveCfg = Debug|x86
		{8AAA0670-3201-4BBF-B79D-4AC0CCF0C8AB}.Release|Mixed Platforms.ActiveCfg = Release|x86
		{8AAA0670-3201-4BBF-B79D-4AC0CCF0C8AB}.Release|x86.ActiveCfg = Release|x86
		{8AAA0670-3201-4BBF-B79D-4AC0CCF0C8AB}.Release|Xbox 360.ActiveCfg = Release|x86
		{8AAA0670-3201-4BBF-B79D-4AC0CCF0C8AB}.Release|Zune.ActiveCfg = Release|x86
		{5C11C8B5-6DB3-446E-81CE-DAC8E3EBBBBE}.Debug|Mixed Platforms.ActiveCfg = Debug|Xbox 360
		{5C11C8B5-6DB3-446E-81CE-DAC8E3EBBBBE}.Debug|Mixed Platforms.Build.0 = Debug|Xbox 360
		{5C11C8B5-6DB3-446E-81CE-DAC8E3EBBBBE}.Debug|Mixed Platforms.Deploy.0 = Debug|Xbox 360
		{5C11C8B5-6DB3-446E-81CE-DAC8E3EBBBBE}.Debug|x86.ActiveCfg = Debug|Xbox 360
		{5C11C8B5-6DB3-446E-81CE-DAC8E3EBBBBE}.Debug|Xbox 360.ActiveCfg = Debug|Xbox 360
		{5C11C8B5-6DB3-446E-81CE-DAC8E3EBBBBE}.Debug|Xbox 360.Build.0 = Debug|Xbox 360
		{5C11C8B5-6DB3-446E-81CE-DAC8E3EBBBBE}.Debug|Xbox 360.Deploy.0 = Debug|Xbox 360
		{5C11C8B5-6DB3-446E-81CE-DAC8E3EBBBBE}.Debug|Zune.ActiveCfg = Debug|Xbox 360
		{5C11C8B5-6DB3-446E-81CE-DAC8E3EBBBBE}.Release|Mixed Platforms.ActiveCfg = Release|Xbox 360
		{5C11C8B5-6DB3-446E-81CE-DAC8E3EBBBBE}.Release|Mixed Platforms.Build.0 = Release|Xbox 360
		{5C11C8B5-6DB3-446E-81CE-DAC8E3EBBBBE}.Release|Mixed Platforms.Deploy.0 = Release|Xbox 360
		{5C11C8B5-6DB3-446E-81CE-DAC8E3EBBBBE}.Release|x86.ActiveCfg = Release|Xbox 360
		{5C11C8B5-6DB3-446E-81CE-DAC8E3EBBBBE}.Release|Xbox 360.ActiveCfg = Release|Xbox 360
		{5C11C8B5-6DB3-446E-81CE-DAC8E3EBBBBE}.Release|Xbox 360.Build.0 = Release|Xbox 360
		{5C11C8B5-6DB3-446E-81CE-DAC8E3EBBBBE}.Release|Xbox 360.Deploy.0 = Release|Xbox 360
		{5C11C8B5-6DB3-446E-81CE-DAC8E3EBBBBE}.Release|Zune.ActiveCfg = Release|Xbox 360
	EndGlobalSection
	GlobalSection(SolutionProperties) = preSolution
		HideSolutionNode = FALSE
	EndGlobalSection
EndGlobal
